
Microsoft Visual Studio Solution File, Format Version 12.00
# Visual Studio 2012
Project("{FAE04EC0-301F-11D3-BF4B-00C04F79EFBC}") = "001MyFirstProjectOf_C sharp", "MyFirstProjectOf_C sharp\001MyFirstProjectOf_C sharp.csproj", "{60A53A30-0A60-4276-B429-E9DC62F46B85}"
EndProject
Project("{FAE04EC0-301F-11D3-BF4B-00C04F79EFBC}") = "002VriableType", "002VriableType\002VriableType.csproj", "{4FB3AD7F-6AE5-453B-9525-D37C0F35E1E5}"
EndProject
Project("{FAE04EC0-301F-11D3-BF4B-00C04F79EFBC}") = "003StorePrimaryInfo", "003StorePrimaryInfo\003StorePrimaryInfo.csproj", "{9CB2AAEF-AFF5-4078-9DA0-6677B3876E97}"
EndProject
Project("{FAE04EC0-301F-11D3-BF4B-00C04F79EFBC}") = "004EscapeZy_at字符用法", "004EscapeZy\004EscapeZy_at字符用法.csproj", "{757231E9-3309-4E56-BB56-E49FC4DF90BE}"
EndProject
Project("{FAE04EC0-301F-11D3-BF4B-00C04F79EFBC}") = "005Operation_基本运算", "Operation\005Operation_基本运算.csproj", "{226F9D2A-C25F-464A-B400-3E6A95EB5184}"
EndProject
Project("{FAE04EC0-301F-11D3-BF4B-00C04F79EFBC}") = "006DeepOperation", "DeepOperation\006DeepOperation.csproj", "{4FEEC313-AB4A-4135-A16C-966B201E1860}"
EndProject
Project("{FAE04EC0-301F-11D3-BF4B-00C04F79EFBC}") = "007OperationSelfPlus", "OperationSelfPlus\007OperationSelfPlus.csproj", "{8AD1223F-3141-4049-839C-8160F97F12D8}"
EndProject
Project("{FAE04EC0-301F-11D3-BF4B-00C04F79EFBC}") = "008Transformation", "008Transformation\008Transformation.csproj", "{83E49526-D336-4374-A06B-673A48092A82}"
EndProject
Project("{FAE04EC0-301F-11D3-BF4B-00C04F79EFBC}") = "009PracTrans", "009PracTrans\009PracTrans.csproj", "{D6658EE9-C084-4A96-98DB-6CE4CCBB559B}"
EndProject
Project("{FAE04EC0-301F-11D3-BF4B-00C04F79EFBC}") = "010AssignmentOperation", "010AssignmentOperation\010AssignmentOperation.csproj", "{852B5F3C-EA7E-4A0D-AFCB-9A6D477A3A3B}"
EndProject
Project("{FAE04EC0-301F-11D3-BF4B-00C04F79EFBC}") = "011VriableChange", "011VriableChange\011VriableChange.csproj", "{CD4FDD9A-46A0-4674-9BF9-1A211988A6A8}"
EndProject
Project("{FAE04EC0-301F-11D3-BF4B-00C04F79EFBC}") = "012GetContrary", "012GetContrary\012GetContrary.csproj", "{A956B59C-18CE-4015-BA03-A6533252C978}"
EndProject
Project("{FAE04EC0-301F-11D3-BF4B-00C04F79EFBC}") = "013Determin", "Determin\013Determin.csproj", "{76E90B3B-92E6-4702-85B3-FC5FD1F6F6BF}"
EndProject
Project("{FAE04EC0-301F-11D3-BF4B-00C04F79EFBC}") = "014TrapezoidalArea", "TrapezoidalArea\014TrapezoidalArea.csproj", "{ECE6B1F8-A524-4A31-8AC3-3D26E5C71538}"
EndProject
Project("{FAE04EC0-301F-11D3-BF4B-00C04F79EFBC}") = "015AreaOfTheCircle", "015AreaOfTheCircle\015AreaOfTheCircle.csproj", "{2577710B-0DCE-4DDC-8C4C-A99D32F34971}"
EndProject
Project("{FAE04EC0-301F-11D3-BF4B-00C04F79EFBC}") = "016BoolStudy", "016BoolStudy\016BoolStudy.csproj", "{6122032B-6A76-4066-9C98-467EE8FAA587}"
EndProject
Project("{FAE04EC0-301F-11D3-BF4B-00C04F79EFBC}") = "017Goto", "017Goto\017Goto.csproj", "{BA2EA256-3502-41BF-B7D1-2C174BD61578}"
EndProject
Project("{FAE04EC0-301F-11D3-BF4B-00C04F79EFBC}") = "018IFStatement", "018IFStatement\018IFStatement.csproj", "{233B590E-B9DB-4BDF-81C2-5A04E451E368}"
EndProject
Project("{FAE04EC0-301F-11D3-BF4B-00C04F79EFBC}") = "019Sanyuanyunsuan", "019IFsanyuanyunsuan\019Sanyuanyunsuan.csproj", "{CFD9094D-997F-4E20-B643-28A8B4EBE9B0}"
EndProject
Project("{FAE04EC0-301F-11D3-BF4B-00C04F79EFBC}") = "020ElseIF", "020ElseIF\020ElseIF.csproj", "{011532DE-C398-425F-A41B-EF0280C84C1B}"
EndProject
Project("{FAE04EC0-301F-11D3-BF4B-00C04F79EFBC}") = "021CaseYuju", "021CaseYuju\021CaseYuju.csproj", "{879FD703-41A0-424F-BD32-EBC6E447E056}"
EndProject
Project("{FAE04EC0-301F-11D3-BF4B-00C04F79EFBC}") = "022WhileXunhuan", "022WhileXunhuan\022WhileXunhuan.csproj", "{311BC799-3DED-44F0-822E-24678F32E4DB}"
EndProject
Project("{FAE04EC0-301F-11D3-BF4B-00C04F79EFBC}") = "023ForXunhuan", "023ForXunhuan\023ForXunhuan.csproj", "{F5CB5D16-C150-44BF-8959-EBE54F876BBF}"
EndProject
Project("{FAE04EC0-301F-11D3-BF4B-00C04F79EFBC}") = "024BreakYuju", "024BreakYuju\024BreakYuju.csproj", "{EBB913D5-C6D6-48DC-B190-7886C1647578}"
EndProject
Project("{FAE04EC0-301F-11D3-BF4B-00C04F79EFBC}") = "025ContinueYuJu", "ContinueYuJu\025ContinueYuJu.csproj", "{0D2C9399-99B8-49C2-A9B9-791467B3DE9C}"
EndProject
Project("{FAE04EC0-301F-11D3-BF4B-00C04F79EFBC}") = "026GoTo标签和return", "025GoTOContinue\026GoTo标签和return.csproj", "{4B94B1FB-7A93-4D5F-866A-AE3BEFC40891}"
EndProject
Project("{FAE04EC0-301F-11D3-BF4B-00C04F79EFBC}") = "027LianXi_for嵌套if", "027LianXi\027LianXi_for嵌套if.csproj", "{11949114-E203-48FB-B415-BF99425B2145}"
EndProject
Project("{FAE04EC0-301F-11D3-BF4B-00C04F79EFBC}") = "028LianXi2_计算平方及平方根", "028LianXi2\028LianXi2_计算平方及平方根.csproj", "{E4AC5154-3F36-4EDC-9C19-A20DACAB63EE}"
EndProject
Project("{FAE04EC0-301F-11D3-BF4B-00C04F79EFBC}") = "029LianXi3_求平方及平方根", "029LianXi3\029LianXi3_求平方及平方根.csproj", "{AAEF686E-019C-45DE-B23D-B7090D0FDEC1}"
EndProject
Project("{FAE04EC0-301F-11D3-BF4B-00C04F79EFBC}") = "030LianXi4_for嵌套", "030LianXi\030LianXi4_for嵌套.csproj", "{83B8EACA-80A6-47F7-BBD8-CF4917CEB9C9}"
EndProject
Project("{FAE04EC0-301F-11D3-BF4B-00C04F79EFBC}") = "031LianXi5_求质数", "031LianXi\031LianXi5_求质数.csproj", "{C223BA9E-6941-439F-9501-780FA0ABF7C7}"
EndProject
Project("{FAE04EC0-301F-11D3-BF4B-00C04F79EFBC}") = "032LianXi6_九九乘法表", "032LianXi6_jiujiu\032LianXi6_九九乘法表.csproj", "{502E0397-F00B-40A3-AC23-C408D22729E4}"
EndProject
Project("{FAE04EC0-301F-11D3-BF4B-00C04F79EFBC}") = "033LianXi6_骰子随机", "033LianXi6_rondom\033LianXi6_骰子随机.csproj", "{408611FD-2099-4E8A-A55A-DB0B32C5113F}"
EndProject
Project("{FAE04EC0-301F-11D3-BF4B-00C04F79EFBC}") = "034LianXi_三种方法输出平方", "034LianXi\034LianXi_三种方法输出平方.csproj", "{46A2D784-9E00-4BB9-A405-8685BCE88020}"
EndProject
Project("{FAE04EC0-301F-11D3-BF4B-00C04F79EFBC}") = "035LianXi_判断字符大小写", "035LianXi_判断字符大小写\035LianXi_判断字符大小写.csproj", "{08D7401B-4F90-4731-972F-E35E0A353089}"
EndProject
Project("{FAE04EC0-301F-11D3-BF4B-00C04F79EFBC}") = "036类型转换", "036类型转换\036类型转换.csproj", "{A5AE04A5-A06A-4E33-9DC8-437E10821CD5}"
EndProject
Project("{FAE04EC0-301F-11D3-BF4B-00C04F79EFBC}") = "037结构体", "037结构体\037结构体.csproj", "{155828D4-4B47-4E1A-81F9-137ECD93DBC3}"
EndProject
Project("{FAE04EC0-301F-11D3-BF4B-00C04F79EFBC}") = "038数组", "038数组\038数组.csproj", "{288FF228-8E5D-40E6-98A9-F77CCF1CF314}"
EndProject
Project("{FAE04EC0-301F-11D3-BF4B-00C04F79EFBC}") = "039数组2", "039数组2\039数组2.csproj", "{187BC138-B928-4FBD-81D9-758B90D23A78}"
EndProject
Project("{FAE04EC0-301F-11D3-BF4B-00C04F79EFBC}") = "040数组的遍历", "040数组的遍历\040数组的遍历.csproj", "{87466044-F2F4-4269-8F85-3E029BC549C5}"
EndProject
Global
	GlobalSection(SolutionConfigurationPlatforms) = preSolution
		Debug|Any CPU = Debug|Any CPU
		Release|Any CPU = Release|Any CPU
	EndGlobalSection
	GlobalSection(ProjectConfigurationPlatforms) = postSolution
		{60A53A30-0A60-4276-B429-E9DC62F46B85}.Debug|Any CPU.ActiveCfg = Debug|Any CPU
		{60A53A30-0A60-4276-B429-E9DC62F46B85}.Debug|Any CPU.Build.0 = Debug|Any CPU
		{60A53A30-0A60-4276-B429-E9DC62F46B85}.Release|Any CPU.ActiveCfg = Release|Any CPU
		{60A53A30-0A60-4276-B429-E9DC62F46B85}.Release|Any CPU.Build.0 = Release|Any CPU
		{4FB3AD7F-6AE5-453B-9525-D37C0F35E1E5}.Debug|Any CPU.ActiveCfg = Debug|Any CPU
		{4FB3AD7F-6AE5-453B-9525-D37C0F35E1E5}.Debug|Any CPU.Build.0 = Debug|Any CPU
		{4FB3AD7F-6AE5-453B-9525-D37C0F35E1E5}.Release|Any CPU.ActiveCfg = Release|Any CPU
		{4FB3AD7F-6AE5-453B-9525-D37C0F35E1E5}.Release|Any CPU.Build.0 = Release|Any CPU
		{9CB2AAEF-AFF5-4078-9DA0-6677B3876E97}.Debug|Any CPU.ActiveCfg = Debug|Any CPU
		{9CB2AAEF-AFF5-4078-9DA0-6677B3876E97}.Debug|Any CPU.Build.0 = Debug|Any CPU
		{9CB2AAEF-AFF5-4078-9DA0-6677B3876E97}.Release|Any CPU.ActiveCfg = Release|Any CPU
		{9CB2AAEF-AFF5-4078-9DA0-6677B3876E97}.Release|Any CPU.Build.0 = Release|Any CPU
		{757231E9-3309-4E56-BB56-E49FC4DF90BE}.Debug|Any CPU.ActiveCfg = Debug|Any CPU
		{757231E9-3309-4E56-BB56-E49FC4DF90BE}.Debug|Any CPU.Build.0 = Debug|Any CPU
		{757231E9-3309-4E56-BB56-E49FC4DF90BE}.Release|Any CPU.ActiveCfg = Release|Any CPU
		{757231E9-3309-4E56-BB56-E49FC4DF90BE}.Release|Any CPU.Build.0 = Release|Any CPU
		{226F9D2A-C25F-464A-B400-3E6A95EB5184}.Debug|Any CPU.ActiveCfg = Debug|Any CPU
		{226F9D2A-C25F-464A-B400-3E6A95EB5184}.Debug|Any CPU.Build.0 = Debug|Any CPU
		{226F9D2A-C25F-464A-B400-3E6A95EB5184}.Release|Any CPU.ActiveCfg = Release|Any CPU
		{226F9D2A-C25F-464A-B400-3E6A95EB5184}.Release|Any CPU.Build.0 = Release|Any CPU
		{4FEEC313-AB4A-4135-A16C-966B201E1860}.Debug|Any CPU.ActiveCfg = Debug|Any CPU
		{4FEEC313-AB4A-4135-A16C-966B201E1860}.Debug|Any CPU.Build.0 = Debug|Any CPU
		{4FEEC313-AB4A-4135-A16C-966B201E1860}.Release|Any CPU.ActiveCfg = Release|Any CPU
		{4FEEC313-AB4A-4135-A16C-966B201E1860}.Release|Any CPU.Build.0 = Release|Any CPU
		{8AD1223F-3141-4049-839C-8160F97F12D8}.Debug|Any CPU.ActiveCfg = Debug|Any CPU
		{8AD1223F-3141-4049-839C-8160F97F12D8}.Debug|Any CPU.Build.0 = Debug|Any CPU
		{8AD1223F-3141-4049-839C-8160F97F12D8}.Release|Any CPU.ActiveCfg = Release|Any CPU
		{8AD1223F-3141-4049-839C-8160F97F12D8}.Release|Any CPU.Build.0 = Release|Any CPU
		{83E49526-D336-4374-A06B-673A48092A82}.Debug|Any CPU.ActiveCfg = Debug|Any CPU
		{83E49526-D336-4374-A06B-673A48092A82}.Debug|Any CPU.Build.0 = Debug|Any CPU
		{83E49526-D336-4374-A06B-673A48092A82}.Release|Any CPU.ActiveCfg = Release|Any CPU
		{83E49526-D336-4374-A06B-673A48092A82}.Release|Any CPU.Build.0 = Release|Any CPU
		{D6658EE9-C084-4A96-98DB-6CE4CCBB559B}.Debug|Any CPU.ActiveCfg = Debug|Any CPU
		{D6658EE9-C084-4A96-98DB-6CE4CCBB559B}.Debug|Any CPU.Build.0 = Debug|Any CPU
		{D6658EE9-C084-4A96-98DB-6CE4CCBB559B}.Release|Any CPU.ActiveCfg = Release|Any CPU
		{D6658EE9-C084-4A96-98DB-6CE4CCBB559B}.Release|Any CPU.Build.0 = Release|Any CPU
		{852B5F3C-EA7E-4A0D-AFCB-9A6D477A3A3B}.Debug|Any CPU.ActiveCfg = Debug|Any CPU
		{852B5F3C-EA7E-4A0D-AFCB-9A6D477A3A3B}.Debug|Any CPU.Build.0 = Debug|Any CPU
		{852B5F3C-EA7E-4A0D-AFCB-9A6D477A3A3B}.Release|Any CPU.ActiveCfg = Release|Any CPU
		{852B5F3C-EA7E-4A0D-AFCB-9A6D477A3A3B}.Release|Any CPU.Build.0 = Release|Any CPU
		{CD4FDD9A-46A0-4674-9BF9-1A211988A6A8}.Debug|Any CPU.ActiveCfg = Debug|Any CPU
		{CD4FDD9A-46A0-4674-9BF9-1A211988A6A8}.Debug|Any CPU.Build.0 = Debug|Any CPU
		{CD4FDD9A-46A0-4674-9BF9-1A211988A6A8}.Release|Any CPU.ActiveCfg = Release|Any CPU
		{CD4FDD9A-46A0-4674-9BF9-1A211988A6A8}.Release|Any CPU.Build.0 = Release|Any CPU
		{A956B59C-18CE-4015-BA03-A6533252C978}.Debug|Any CPU.ActiveCfg = Debug|Any CPU
		{A956B59C-18CE-4015-BA03-A6533252C978}.Debug|Any CPU.Build.0 = Debug|Any CPU
		{A956B59C-18CE-4015-BA03-A6533252C978}.Release|Any CPU.ActiveCfg = Release|Any CPU
		{A956B59C-18CE-4015-BA03-A6533252C978}.Release|Any CPU.Build.0 = Release|Any CPU
		{76E90B3B-92E6-4702-85B3-FC5FD1F6F6BF}.Debug|Any CPU.ActiveCfg = Debug|Any CPU
		{76E90B3B-92E6-4702-85B3-FC5FD1F6F6BF}.Debug|Any CPU.Build.0 = Debug|Any CPU
		{76E90B3B-92E6-4702-85B3-FC5FD1F6F6BF}.Release|Any CPU.ActiveCfg = Release|Any CPU
		{76E90B3B-92E6-4702-85B3-FC5FD1F6F6BF}.Release|Any CPU.Build.0 = Release|Any CPU
		{ECE6B1F8-A524-4A31-8AC3-3D26E5C71538}.Debug|Any CPU.ActiveCfg = Debug|Any CPU
		{ECE6B1F8-A524-4A31-8AC3-3D26E5C71538}.Debug|Any CPU.Build.0 = Debug|Any CPU
		{ECE6B1F8-A524-4A31-8AC3-3D26E5C71538}.Release|Any CPU.ActiveCfg = Release|Any CPU
		{ECE6B1F8-A524-4A31-8AC3-3D26E5C71538}.Release|Any CPU.Build.0 = Release|Any CPU
		{2577710B-0DCE-4DDC-8C4C-A99D32F34971}.Debug|Any CPU.ActiveCfg = Debug|Any CPU
		{2577710B-0DCE-4DDC-8C4C-A99D32F34971}.Debug|Any CPU.Build.0 = Debug|Any CPU
		{2577710B-0DCE-4DDC-8C4C-A99D32F34971}.Release|Any CPU.ActiveCfg = Release|Any CPU
		{2577710B-0DCE-4DDC-8C4C-A99D32F34971}.Release|Any CPU.Build.0 = Release|Any CPU
		{6122032B-6A76-4066-9C98-467EE8FAA587}.Debug|Any CPU.ActiveCfg = Debug|Any CPU
		{6122032B-6A76-4066-9C98-467EE8FAA587}.Debug|Any CPU.Build.0 = Debug|Any CPU
		{6122032B-6A76-4066-9C98-467EE8FAA587}.Release|Any CPU.ActiveCfg = Release|Any CPU
		{6122032B-6A76-4066-9C98-467EE8FAA587}.Release|Any CPU.Build.0 = Release|Any CPU
		{BA2EA256-3502-41BF-B7D1-2C174BD61578}.Debug|Any CPU.ActiveCfg = Debug|Any CPU
		{BA2EA256-3502-41BF-B7D1-2C174BD61578}.Debug|Any CPU.Build.0 = Debug|Any CPU
		{BA2EA256-3502-41BF-B7D1-2C174BD61578}.Release|Any CPU.ActiveCfg = Release|Any CPU
		{BA2EA256-3502-41BF-B7D1-2C174BD61578}.Release|Any CPU.Build.0 = Release|Any CPU
		{233B590E-B9DB-4BDF-81C2-5A04E451E368}.Debug|Any CPU.ActiveCfg = Debug|Any CPU
		{233B590E-B9DB-4BDF-81C2-5A04E451E368}.Debug|Any CPU.Build.0 = Debug|Any CPU
		{233B590E-B9DB-4BDF-81C2-5A04E451E368}.Release|Any CPU.ActiveCfg = Release|Any CPU
		{233B590E-B9DB-4BDF-81C2-5A04E451E368}.Release|Any CPU.Build.0 = Release|Any CPU
		{CFD9094D-997F-4E20-B643-28A8B4EBE9B0}.Debug|Any CPU.ActiveCfg = Debug|Any CPU
		{CFD9094D-997F-4E20-B643-28A8B4EBE9B0}.Debug|Any CPU.Build.0 = Debug|Any CPU
		{CFD9094D-997F-4E20-B643-28A8B4EBE9B0}.Release|Any CPU.ActiveCfg = Release|Any CPU
		{CFD9094D-997F-4E20-B643-28A8B4EBE9B0}.Release|Any CPU.Build.0 = Release|Any CPU
		{011532DE-C398-425F-A41B-EF0280C84C1B}.Debug|Any CPU.ActiveCfg = Debug|Any CPU
		{011532DE-C398-425F-A41B-EF0280C84C1B}.Debug|Any CPU.Build.0 = Debug|Any CPU
		{011532DE-C398-425F-A41B-EF0280C84C1B}.Release|Any CPU.ActiveCfg = Release|Any CPU
		{011532DE-C398-425F-A41B-EF0280C84C1B}.Release|Any CPU.Build.0 = Release|Any CPU
		{879FD703-41A0-424F-BD32-EBC6E447E056}.Debug|Any CPU.ActiveCfg = Debug|Any CPU
		{879FD703-41A0-424F-BD32-EBC6E447E056}.Debug|Any CPU.Build.0 = Debug|Any CPU
		{879FD703-41A0-424F-BD32-EBC6E447E056}.Release|Any CPU.ActiveCfg = Release|Any CPU
		{879FD703-41A0-424F-BD32-EBC6E447E056}.Release|Any CPU.Build.0 = Release|Any CPU
		{311BC799-3DED-44F0-822E-24678F32E4DB}.Debug|Any CPU.ActiveCfg = Debug|Any CPU
		{311BC799-3DED-44F0-822E-24678F32E4DB}.Debug|Any CPU.Build.0 = Debug|Any CPU
		{311BC799-3DED-44F0-822E-24678F32E4DB}.Release|Any CPU.ActiveCfg = Release|Any CPU
		{311BC799-3DED-44F0-822E-24678F32E4DB}.Release|Any CPU.Build.0 = Release|Any CPU
		{F5CB5D16-C150-44BF-8959-EBE54F876BBF}.Debug|Any CPU.ActiveCfg = Debug|Any CPU
		{F5CB5D16-C150-44BF-8959-EBE54F876BBF}.Debug|Any CPU.Build.0 = Debug|Any CPU
		{F5CB5D16-C150-44BF-8959-EBE54F876BBF}.Release|Any CPU.ActiveCfg = Release|Any CPU
		{F5CB5D16-C150-44BF-8959-EBE54F876BBF}.Release|Any CPU.Build.0 = Release|Any CPU
		{EBB913D5-C6D6-48DC-B190-7886C1647578}.Debug|Any CPU.ActiveCfg = Debug|Any CPU
		{EBB913D5-C6D6-48DC-B190-7886C1647578}.Debug|Any CPU.Build.0 = Debug|Any CPU
		{EBB913D5-C6D6-48DC-B190-7886C1647578}.Release|Any CPU.ActiveCfg = Release|Any CPU
		{EBB913D5-C6D6-48DC-B190-7886C1647578}.Release|Any CPU.Build.0 = Release|Any CPU
		{0D2C9399-99B8-49C2-A9B9-791467B3DE9C}.Debug|Any CPU.ActiveCfg = Debug|Any CPU
		{0D2C9399-99B8-49C2-A9B9-791467B3DE9C}.Debug|Any CPU.Build.0 = Debug|Any CPU
		{0D2C9399-99B8-49C2-A9B9-791467B3DE9C}.Release|Any CPU.ActiveCfg = Release|Any CPU
		{0D2C9399-99B8-49C2-A9B9-791467B3DE9C}.Release|Any CPU.Build.0 = Release|Any CPU
		{4B94B1FB-7A93-4D5F-866A-AE3BEFC40891}.Debug|Any CPU.ActiveCfg = Debug|Any CPU
		{4B94B1FB-7A93-4D5F-866A-AE3BEFC40891}.Debug|Any CPU.Build.0 = Debug|Any CPU
		{4B94B1FB-7A93-4D5F-866A-AE3BEFC40891}.Release|Any CPU.ActiveCfg = Release|Any CPU
		{4B94B1FB-7A93-4D5F-866A-AE3BEFC40891}.Release|Any CPU.Build.0 = Release|Any CPU
		{11949114-E203-48FB-B415-BF99425B2145}.Debug|Any CPU.ActiveCfg = Debug|Any CPU
		{11949114-E203-48FB-B415-BF99425B2145}.Debug|Any CPU.Build.0 = Debug|Any CPU
		{11949114-E203-48FB-B415-BF99425B2145}.Release|Any CPU.ActiveCfg = Release|Any CPU
		{11949114-E203-48FB-B415-BF99425B2145}.Release|Any CPU.Build.0 = Release|Any CPU
		{E4AC5154-3F36-4EDC-9C19-A20DACAB63EE}.Debug|Any CPU.ActiveCfg = Debug|Any CPU
		{E4AC5154-3F36-4EDC-9C19-A20DACAB63EE}.Debug|Any CPU.Build.0 = Debug|Any CPU
		{E4AC5154-3F36-4EDC-9C19-A20DACAB63EE}.Release|Any CPU.ActiveCfg = Release|Any CPU
		{E4AC5154-3F36-4EDC-9C19-A20DACAB63EE}.Release|Any CPU.Build.0 = Release|Any CPU
		{AAEF686E-019C-45DE-B23D-B7090D0FDEC1}.Debug|Any CPU.ActiveCfg = Debug|Any CPU
		{AAEF686E-019C-45DE-B23D-B7090D0FDEC1}.Debug|Any CPU.Build.0 = Debug|Any CPU
		{AAEF686E-019C-45DE-B23D-B7090D0FDEC1}.Release|Any CPU.ActiveCfg = Release|Any CPU
		{AAEF686E-019C-45DE-B23D-B7090D0FDEC1}.Release|Any CPU.Build.0 = Release|Any CPU
		{83B8EACA-80A6-47F7-BBD8-CF4917CEB9C9}.Debug|Any CPU.ActiveCfg = Debug|Any CPU
		{83B8EACA-80A6-47F7-BBD8-CF4917CEB9C9}.Debug|Any CPU.Build.0 = Debug|Any CPU
		{83B8EACA-80A6-47F7-BBD8-CF4917CEB9C9}.Release|Any CPU.ActiveCfg = Release|Any CPU
		{83B8EACA-80A6-47F7-BBD8-CF4917CEB9C9}.Release|Any CPU.Build.0 = Release|Any CPU
		{C223BA9E-6941-439F-9501-780FA0ABF7C7}.Debug|Any CPU.ActiveCfg = Debug|Any CPU
		{C223BA9E-6941-439F-9501-780FA0ABF7C7}.Debug|Any CPU.Build.0 = Debug|Any CPU
		{C223BA9E-6941-439F-9501-780FA0ABF7C7}.Release|Any CPU.ActiveCfg = Release|Any CPU
		{C223BA9E-6941-439F-9501-780FA0ABF7C7}.Release|Any CPU.Build.0 = Release|Any CPU
		{502E0397-F00B-40A3-AC23-C408D22729E4}.Debug|Any CPU.ActiveCfg = Debug|Any CPU
		{502E0397-F00B-40A3-AC23-C408D22729E4}.Debug|Any CPU.Build.0 = Debug|Any CPU
		{502E0397-F00B-40A3-AC23-C408D22729E4}.Release|Any CPU.ActiveCfg = Release|Any CPU
		{502E0397-F00B-40A3-AC23-C408D22729E4}.Release|Any CPU.Build.0 = Release|Any CPU
		{408611FD-2099-4E8A-A55A-DB0B32C5113F}.Debug|Any CPU.ActiveCfg = Debug|Any CPU
		{408611FD-2099-4E8A-A55A-DB0B32C5113F}.Debug|Any CPU.Build.0 = Debug|Any CPU
		{408611FD-2099-4E8A-A55A-DB0B32C5113F}.Release|Any CPU.ActiveCfg = Release|Any CPU
		{408611FD-2099-4E8A-A55A-DB0B32C5113F}.Release|Any CPU.Build.0 = Release|Any CPU
		{46A2D784-9E00-4BB9-A405-8685BCE88020}.Debug|Any CPU.ActiveCfg = Debug|Any CPU
		{46A2D784-9E00-4BB9-A405-8685BCE88020}.Debug|Any CPU.Build.0 = Debug|Any CPU
		{46A2D784-9E00-4BB9-A405-8685BCE88020}.Release|Any CPU.ActiveCfg = Release|Any CPU
		{46A2D784-9E00-4BB9-A405-8685BCE88020}.Release|Any CPU.Build.0 = Release|Any CPU
		{08D7401B-4F90-4731-972F-E35E0A353089}.Debug|Any CPU.ActiveCfg = Debug|Any CPU
		{08D7401B-4F90-4731-972F-E35E0A353089}.Debug|Any CPU.Build.0 = Debug|Any CPU
		{08D7401B-4F90-4731-972F-E35E0A353089}.Release|Any CPU.ActiveCfg = Release|Any CPU
		{08D7401B-4F90-4731-972F-E35E0A353089}.Release|Any CPU.Build.0 = Release|Any CPU
		{A5AE04A5-A06A-4E33-9DC8-437E10821CD5}.Debug|Any CPU.ActiveCfg = Debug|Any CPU
		{A5AE04A5-A06A-4E33-9DC8-437E10821CD5}.Debug|Any CPU.Build.0 = Debug|Any CPU
		{A5AE04A5-A06A-4E33-9DC8-437E10821CD5}.Release|Any CPU.ActiveCfg = Release|Any CPU
		{A5AE04A5-A06A-4E33-9DC8-437E10821CD5}.Release|Any CPU.Build.0 = Release|Any CPU
		{155828D4-4B47-4E1A-81F9-137ECD93DBC3}.Debug|Any CPU.ActiveCfg = Debug|Any CPU
		{155828D4-4B47-4E1A-81F9-137ECD93DBC3}.Debug|Any CPU.Build.0 = Debug|Any CPU
		{155828D4-4B47-4E1A-81F9-137ECD93DBC3}.Release|Any CPU.ActiveCfg = Release|Any CPU
		{155828D4-4B47-4E1A-81F9-137ECD93DBC3}.Release|Any CPU.Build.0 = Release|Any CPU
		{288FF228-8E5D-40E6-98A9-F77CCF1CF314}.Debug|Any CPU.ActiveCfg = Debug|Any CPU
		{288FF228-8E5D-40E6-98A9-F77CCF1CF314}.Debug|Any CPU.Build.0 = Debug|Any CPU
		{288FF228-8E5D-40E6-98A9-F77CCF1CF314}.Release|Any CPU.ActiveCfg = Release|Any CPU
		{288FF228-8E5D-40E6-98A9-F77CCF1CF314}.Release|Any CPU.Build.0 = Release|Any CPU
		{187BC138-B928-4FBD-81D9-758B90D23A78}.Debug|Any CPU.ActiveCfg = Debug|Any CPU
		{187BC138-B928-4FBD-81D9-758B90D23A78}.Debug|Any CPU.Build.0 = Debug|Any CPU
		{187BC138-B928-4FBD-81D9-758B90D23A78}.Release|Any CPU.ActiveCfg = Release|Any CPU
		{187BC138-B928-4FBD-81D9-758B90D23A78}.Release|Any CPU.Build.0 = Release|Any CPU
		{87466044-F2F4-4269-8F85-3E029BC549C5}.Debug|Any CPU.ActiveCfg = Debug|Any CPU
		{87466044-F2F4-4269-8F85-3E029BC549C5}.Debug|Any CPU.Build.0 = Debug|Any CPU
		{87466044-F2F4-4269-8F85-3E029BC549C5}.Release|Any CPU.ActiveCfg = Release|Any CPU
		{87466044-F2F4-4269-8F85-3E029BC549C5}.Release|Any CPU.Build.0 = Release|Any CPU
	EndGlobalSection
	GlobalSection(SolutionProperties) = preSolution
		HideSolutionNode = FALSE
	EndGlobalSection
	GlobalSection(ExtensibilityGlobals) = postSolution
		SolutionGuid = {B72F2055-2B75-4257-BA1E-9DD2B3A0EBD8}
	EndGlobalSection
EndGlobal
