
Microsoft Visual Studio Solution File, Format Version 12.00
# Visual Studio 15
VisualStudioVersion = 15.0.28307.960
MinimumVisualStudioVersion = 10.0.40219.1
Project("{FAE04EC0-301F-11D3-BF4B-00C04F79EFBC}") = "001继承", "001继承\001继承.csproj", "{71DCB9E7-FEA0-49F9-8242-D432B3C02A58}"
EndProject
Project("{FAE04EC0-301F-11D3-BF4B-00C04F79EFBC}") = "002抽象类", "002抽象类\002抽象类.csproj", "{C68DCBA7-579E-4845-8ED8-26EFDE972C52}"
EndProject
Project("{FAE04EC0-301F-11D3-BF4B-00C04F79EFBC}") = "003密封类BaseClass", "003密封类BaseClass\003密封类BaseClass.csproj", "{7C3A5B09-37DB-4A99-B71D-7156D0A7993B}"
EndProject
Project("{FAE04EC0-301F-11D3-BF4B-00C04F79EFBC}") = "004定义和实现接口", "004定义和实现接口\004定义和实现接口.csproj", "{66CE42CF-EF02-46E7-8642-09C97F739892}"
EndProject
Global
	GlobalSection(SolutionConfigurationPlatforms) = preSolution
		Debug|Any CPU = Debug|Any CPU
		Release|Any CPU = Release|Any CPU
	EndGlobalSection
	GlobalSection(ProjectConfigurationPlatforms) = postSolution
		{71DCB9E7-FEA0-49F9-8242-D432B3C02A58}.Debug|Any CPU.ActiveCfg = Debug|Any CPU
		{71DCB9E7-FEA0-49F9-8242-D432B3C02A58}.Debug|Any CPU.Build.0 = Debug|Any CPU
		{71DCB9E7-FEA0-49F9-8242-D432B3C02A58}.Release|Any CPU.ActiveCfg = Release|Any CPU
		{71DCB9E7-FEA0-49F9-8242-D432B3C02A58}.Release|Any CPU.Build.0 = Release|Any CPU
		{C68DCBA7-579E-4845-8ED8-26EFDE972C52}.Debug|Any CPU.ActiveCfg = Debug|Any CPU
		{C68DCBA7-579E-4845-8ED8-26EFDE972C52}.Debug|Any CPU.Build.0 = Debug|Any CPU
		{C68DCBA7-579E-4845-8ED8-26EFDE972C52}.Release|Any CPU.ActiveCfg = Release|Any CPU
		{C68DCBA7-579E-4845-8ED8-26EFDE972C52}.Release|Any CPU.Build.0 = Release|Any CPU
		{7C3A5B09-37DB-4A99-B71D-7156D0A7993B}.Debug|Any CPU.ActiveCfg = Debug|Any CPU
		{7C3A5B09-37DB-4A99-B71D-7156D0A7993B}.Debug|Any CPU.Build.0 = Debug|Any CPU
		{7C3A5B09-37DB-4A99-B71D-7156D0A7993B}.Release|Any CPU.ActiveCfg = Release|Any CPU
		{7C3A5B09-37DB-4A99-B71D-7156D0A7993B}.Release|Any CPU.Build.0 = Release|Any CPU
		{66CE42CF-EF02-46E7-8642-09C97F739892}.Debug|Any CPU.ActiveCfg = Debug|Any CPU
		{66CE42CF-EF02-46E7-8642-09C97F739892}.Debug|Any CPU.Build.0 = Debug|Any CPU
		{66CE42CF-EF02-46E7-8642-09C97F739892}.Release|Any CPU.ActiveCfg = Release|Any CPU
		{66CE42CF-EF02-46E7-8642-09C97F739892}.Release|Any CPU.Build.0 = Release|Any CPU
	EndGlobalSection
	GlobalSection(SolutionProperties) = preSolution
		HideSolutionNode = FALSE
	EndGlobalSection
	GlobalSection(ExtensibilityGlobals) = postSolution
		SolutionGuid = {D0A90B1F-B822-4C3C-BCEF-1AE0C5FCF6AB}
	EndGlobalSection
EndGlobal
